// !$*UTF8*$!
{
	archiveVersion = 1;
	classes = {
	};
	objectVersion = 46;
	objects = {

/* Begin PBXBuildFile section */
		5933B4A41C26BE0900B157FE /* AppDelegate.swift in Sources */ = {isa = PBXBuildFile; fileRef = 5933B4A31C26BE0900B157FE /* AppDelegate.swift */; };
		5933B4A61C26BE0900B157FE /* ViewController.swift in Sources */ = {isa = PBXBuildFile; fileRef = 5933B4A51C26BE0900B157FE /* ViewController.swift */; };
		5933B4A81C26BE0900B157FE /* Assets.xcassets in Resources */ = {isa = PBXBuildFile; fileRef = 5933B4A71C26BE0900B157FE /* Assets.xcassets */; };
		5933B4AB1C26BE0900B157FE /* Main.storyboard in Resources */ = {isa = PBXBuildFile; fileRef = 5933B4A91C26BE0900B157FE /* Main.storyboard */; };
		5933B4B61C26BE0900B157FE /* AterTests.swift in Sources */ = {isa = PBXBuildFile; fileRef = 5933B4B51C26BE0900B157FE /* AterTests.swift */; };
		5933B4C11C26BE0900B157FE /* AterUITests.swift in Sources */ = {isa = PBXBuildFile; fileRef = 5933B4C01C26BE0900B157FE /* AterUITests.swift */; };
/* End PBXBuildFile section */

/* Begin PBXContainerItemProxy section */
		5933B4B21C26BE0900B157FE /* PBXContainerItemProxy */ = {
			isa = PBXContainerItemProxy;
			containerPortal = 5933B4981C26BE0900B157FE /* Project object */;
			proxyType = 1;
			remoteGlobalIDString = 5933B49F1C26BE0900B157FE;
			remoteInfo = Ater;
		};
		5933B4BD1C26BE0900B157FE /* PBXContainerItemProxy */ = {
			isa = PBXContainerItemProxy;
			containerPortal = 5933B4981C26BE0900B157FE /* Project object */;
			proxyType = 1;
			remoteGlobalIDString = 5933B49F1C26BE0900B157FE;
			remoteInfo = Ater;
		};
/* End PBXContainerItemProxy section */

/* Begin PBXFileReference section */
		5933B4A01C26BE0900B157FE /* Ater.app */ = {isa = PBXFileReference; explicitFileType = wrapper.application; includeInIndex = 0; path = Ater.app; sourceTree = BUILT_PRODUCTS_DIR; };
		5933B4A31C26BE0900B157FE /* AppDelegate.swift */ = {isa = PBXFileReference; lastKnownFileType = sourcecode.swift; path = AppDelegate.swift; sourceTree = "<group>"; };
		5933B4A51C26BE0900B157FE /* ViewController.swift */ = {isa = PBXFileReference; lastKnownFileType = sourcecode.swift; path = ViewController.swift; sourceTree = "<group>"; };
		5933B4A71C26BE0900B157FE /* Assets.xcassets */ = {isa = PBXFileReference; lastKnownFileType = folder.assetcatalog; path = Assets.xcassets; sourceTree = "<group>"; };
		5933B4AA1C26BE0900B157FE /* Base */ = {isa = PBXFileReference; lastKnownFileType = file.storyboard; name = Base; path = Base.lproj/Main.storyboard; sourceTree = "<group>"; };
		5933B4AC1C26BE0900B157FE /* Info.plist */ = {isa = PBXFileReference; lastKnownFileType = text.plist.xml; path = Info.plist; sourceTree = "<group>"; };
		5933B4B11C26BE0900B157FE /* AterTests.xctest */ = {isa = PBXFileReference; explicitFileType = wrapper.cfbundle; includeInIndex = 0; path = AterTests.xctest; sourceTree = BUILT_PRODUCTS_DIR; };
		5933B4B51C26BE0900B157FE /* AterTests.swift */ = {isa = PBXFileReference; lastKnownFileType = sourcecode.swift; path = AterTests.swift; sourceTree = "<group>"; };
		5933B4B71C26BE0900B157FE /* Info.plist */ = {isa = PBXFileReference; lastKnownFileType = text.plist.xml; path = Info.plist; sourceTree = "<group>"; };
		5933B4BC1C26BE0900B157FE /* AterUITests.xctest */ = {isa = PBXFileReference; explicitFileType = wrapper.cfbundle; includeInIndex = 0; path = AterUITests.xctest; sourceTree = BUILT_PRODUCTS_DIR; };
		5933B4C01C26BE0900B157FE /* AterUITests.swift */ = {isa = PBXFileReference; lastKnownFileType = sourcecode.swift; path = AterUITests.swift; sourceTree = "<group>"; };
		5933B4C21C26BE0900B157FE /* Info.plist */ = {isa = PBXFileReference; lastKnownFileType = text.plist.xml; path = Info.plist; sourceTree = "<group>"; };
/* End PBXFileReference section */

/* Begin PBXFrameworksBuildPhase section */
		5933B49D1C26BE0900B157FE /* Frameworks */ = {
			isa = PBXFrameworksBuildPhase;
			buildActionMask = 2147483647;
			files = (
			);
			runOnlyForDeploymentPostprocessing = 0;
		};
		5933B4AE1C26BE0900B157FE /* Frameworks */ = {
			isa = PBXFrameworksBuildPhase;
			buildActionMask = 2147483647;
			files = (
			);
			runOnlyForDeploymentPostprocessing = 0;
		};
		5933B4B91C26BE0900B157FE /* Frameworks */ = {
			isa = PBXFrameworksBuildPhase;
			buildActionMask = 2147483647;
			files = (
			);
			runOnlyForDeploymentPostprocessing = 0;
		};
/* End PBXFrameworksBuildPhase section */

/* Begin PBXGroup section */
		5933B4971C26BE0900B157FE = {
			isa = PBXGroup;
			children = (
				5933B4A21C26BE0900B157FE /* Ater */,
				5933B4B41C26BE0900B157FE /* AterTests */,
				5933B4BF1C26BE0900B157FE /* AterUITests */,
				5933B4A11C26BE0900B157FE /* Products */,
			);
			sourceTree = "<group>";
		};
		5933B4A11C26BE0900B157FE /* Products */ = {
			isa = PBXGroup;
			children = (
				5933B4A01C26BE0900B157FE /* Ater.app */,
				5933B4B11C26BE0900B157FE /* AterTests.xctest */,
				5933B4BC1C26BE0900B157FE /* AterUITests.xctest */,
			);
			name = Products;
			sourceTree = "<group>";
		};
		5933B4A21C26BE0900B157FE /* Ater */ = {
			isa = PBXGroup;
			children = (
				5933B4A31C26BE0900B157FE /* AppDelegate.swift */,
				5933B4A51C26BE0900B157FE /* ViewController.swift */,
				5933B4A71C26BE0900B157FE /* Assets.xcassets */,
				5933B4A91C26BE0900B157FE /* Main.storyboard */,
				5933B4AC1C26BE0900B157FE /* Info.plist */,
			);
			path = Ater;
			sourceTree = "<group>";
		};
		5933B4B41C26BE0900B157FE /* AterTests */ = {
			isa = PBXGroup;
			children = (
				5933B4B51C26BE0900B157FE /* AterTests.swift */,
				5933B4B71C26BE0900B157FE /* Info.plist */,
			);
			path = AterTests;
			sourceTree = "<group>";
		};
		5933B4BF1C26BE0900B157FE /* AterUITests */ = {
			isa = PBXGroup;
			children = (
				5933B4C01C26BE0900B157FE /* AterUITests.swift */,
				5933B4C21C26BE0900B157FE /* Info.plist */,
			);
			path = AterUITests;
			sourceTree = "<group>";
		};
/* End PBXGroup section */

/* Begin PBXNativeTarget section */
		5933B49F1C26BE0900B157FE /* Ater */ = {
			isa = PBXNativeTarget;
			buildConfigurationList = 5933B4C51C26BE0900B157FE /* Build configuration list for PBXNativeTarget "Ater" */;
			buildPhases = (
				5933B49C1C26BE0900B157FE /* Sources */,
				5933B49D1C26BE0900B157FE /* Frameworks */,
				5933B49E1C26BE0900B157FE /* Resources */,
			);
			buildRules = (
			);
			dependencies = (
			);
			name = Ater;
			productName = Ater;
			productReference = 5933B4A01C26BE0900B157FE /* Ater.app */;
			productType = "com.apple.product-type.application";
		};
		5933B4B01C26BE0900B157FE /* AterTests */ = {
			isa = PBXNativeTarget;
			buildConfigurationList = 5933B4C81C26BE0900B157FE /* Build configuration list for PBXNativeTarget "AterTests" */;
			buildPhases = (
				5933B4AD1C26BE0900B157FE /* Sources */,
				5933B4AE1C26BE0900B157FE /* Frameworks */,
				5933B4AF1C26BE0900B157FE /* Resources */,
			);
			buildRules = (
			);
			dependencies = (
				5933B4B31C26BE0900B157FE /* PBXTargetDependency */,
			);
			name = AterTests;
			productName = AterTests;
			productReference = 5933B4B11C26BE0900B157FE /* AterTests.xctest */;
			productType = "com.apple.product-type.bundle.unit-test";
		};
		5933B4BB1C26BE0900B157FE /* AterUITests */ = {
			isa = PBXNativeTarget;
			buildConfigurationList = 5933B4CB1C26BE0900B157FE /* Build configuration list for PBXNativeTarget "AterUITests" */;
			buildPhases = (
				5933B4B81C26BE0900B157FE /* Sources */,
				5933B4B91C26BE0900B157FE /* Frameworks */,
				5933B4BA1C26BE0900B157FE /* Resources */,
			);
			buildRules = (
			);
			dependencies = (
				5933B4BE1C26BE0900B157FE /* PBXTargetDependency */,
			);
			name = AterUITests;
			productName = AterUITests;
			productReference = 5933B4BC1C26BE0900B157FE /* AterUITests.xctest */;
			productType = "com.apple.product-type.bundle.ui-testing";
		};
/* End PBXNativeTarget section */

/* Begin PBXProject section */
		5933B4981C26BE0900B157FE /* Project object */ = {
			isa = PBXProject;
			attributes = {
				LastSwiftUpdateCheck = 0720;
				LastUpgradeCheck = 0720;
				ORGANIZATIONNAME = "張楹翔";
				TargetAttributes = {
					5933B49F1C26BE0900B157FE = {
						CreatedOnToolsVersion = 7.2;
					};
					5933B4B01C26BE0900B157FE = {
						CreatedOnToolsVersion = 7.2;
						TestTargetID = 5933B49F1C26BE0900B157FE;
					};
					5933B4BB1C26BE0900B157FE = {
						CreatedOnToolsVersion = 7.2;
						TestTargetID = 5933B49F1C26BE0900B157FE;
					};
				};
			};
			buildConfigurationList = 5933B49B1C26BE0900B157FE /* Build configuration list for PBXProject "Ater" */;
			compatibilityVersion = "Xcode 3.2";
			developmentRegion = English;
			hasScannedForEncodings = 0;
			knownRegions = (
				en,
				Base,
			);
			mainGroup = 5933B4971C26BE0900B157FE;
			productRefGroup = 5933B4A11C26BE0900B157FE /* Products */;
			projectDirPath = "";
			projectRoot = "";
			targets = (
				5933B49F1C26BE0900B157FE /* Ater */,
				5933B4B01C26BE0900B157FE /* AterTests */,
				5933B4BB1C26BE0900B157FE /* AterUITests */,
			);
		};
/* End PBXProject section */

/* Begin PBXResourcesBuildPhase section */
		5933B49E1C26BE0900B157FE /* Resources */ = {
			isa = PBXResourcesBuildPhase;
			buildActionMask = 2147483647;
			files = (
				5933B4A81C26BE0900B157FE /* Assets.xcassets in Resources */,
				5933B4AB1C26BE0900B157FE /* Main.storyboard in Resources */,
			);
			runOnlyForDeploymentPostprocessing = 0;
		};
		5933B4AF1C26BE0900B157FE /* Resources */ = {
			isa = PBXResourcesBuildPhase;
			buildActionMask = 2147483647;
			files = (
			);
			runOnlyForDeploymentPostprocessing = 0;
		};
		5933B4BA1C26BE0900B157FE /* Resources */ = {
			isa = PBXResourcesBuildPhase;
			buildActionMask = 2147483647;
			files = (
			);
			runOnlyForDeploymentPostprocessing = 0;
		};
/* End PBXResourcesBuildPhase section */

/* Begin PBXSourcesBuildPhase section */
		5933B49C1C26BE0900B157FE /* Sources */ = {
			isa = PBXSourcesBuildPhase;
			buildActionMask = 2147483647;
			files = (
				5933B4A61C26BE0900B157FE /* ViewController.swift in Sources */,
				5933B4A41C26BE0900B157FE /* AppDelegate.swift in Sources */,
			);
			runOnlyForDeploymentPostprocessing = 0;
		};
		5933B4AD1C26BE0900B157FE /* Sources */ = {
			isa = PBXSourcesBuildPhase;
			buildActionMask = 2147483647;
			files = (
				5933B4B61C26BE0900B157FE /* AterTests.swift in Sources */,
			);
			runOnlyForDeploymentPostprocessing = 0;
		};
		5933B4B81C26BE0900B157FE /* Sources */ = {
			isa = PBXSourcesBuildPhase;
			buildActionMask = 2147483647;
			files = (
				5933B4C11C26BE0900B157FE /* AterUITests.swift in Sources */,
			);
			runOnlyForDeploymentPostprocessing = 0;
		};
/* End PBXSourcesBuildPhase section */

/* Begin PBXTargetDependency section */
		5933B4B31C26BE0900B157FE /* PBXTargetDependency */ = {
			isa = PBXTargetDependency;
			target = 5933B49F1C26BE0900B157FE /* Ater */;
			targetProxy = 5933B4B21C26BE0900B157FE /* PBXContainerItemProxy */;
		};
		5933B4BE1C26BE0900B157FE /* PBXTargetDependency */ = {
			isa = PBXTargetDependency;
			target = 5933B49F1C26BE0900B157FE /* Ater */;
			targetProxy = 5933B4BD1C26BE0900B157FE /* PBXContainerItemProxy */;
		};
/* End PBXTargetDependency section */

/* Begin PBXVariantGroup section */
		5933B4A91C26BE0900B157FE /* Main.storyboard */ = {
			isa = PBXVariantGroup;
			children = (
				5933B4AA1C26BE0900B157FE /* Base */,
			);
			name = Main.storyboard;
			sourceTree = "<group>";
		};
/* End PBXVariantGroup section */

/* Begin XCBuildConfiguration section */
		5933B4C31C26BE0900B157FE /* Debug */ = {
			isa = XCBuildConfiguration;
			buildSettings = {
				ALWAYS_SEARCH_USER_PATHS = NO;
				CLANG_CXX_LANGUAGE_STANDARD = "gnu++0x";
				CLANG_CXX_LIBRARY = "libc++";
				CLANG_ENABLE_MODULES = YES;
				CLANG_ENABLE_OBJC_ARC = YES;
				CLANG_WARN_BOOL_CONVERSION = YES;
				CLANG_WARN_CONSTANT_CONVERSION = YES;
				CLANG_WARN_DIRECT_OBJC_ISA_USAGE = YES_ERROR;
				CLANG_WARN_EMPTY_BODY = YES;
				CLANG_WARN_ENUM_CONVERSION = YES;
				CLANG_WARN_INT_CONVERSION = YES;
				CLANG_WARN_OBJC_ROOT_CLASS = YES_ERROR;
				CLANG_WARN_UNREACHABLE_CODE = YES;
				CLANG_WARN__DUPLICATE_METHOD_MATCH = YES;
				CODE_SIGN_IDENTITY = "-";
				COPY_PHASE_STRIP = NO;
				DEBUG_INFORMATION_FORMAT = dwarf;
				ENABLE_STRICT_OBJC_MSGSEND = YES;
				ENABLE_TESTABILITY = YES;
				GCC_C_LANGUAGE_STANDARD = gnu99;
				GCC_DYNAMIC_NO_PIC = NO;
				GCC_NO_COMMON_BLOCKS = YES;
				GCC_OPTIMIZATION_LEVEL = 0;
				GCC_PREPROCESSOR_DEFINITIONS = (
					"DEBUG=1",
					"$(inherited)",
				);
				GCC_WARN_64_TO_32_BIT_CONVERSION = YES;
				GCC_WARN_ABOUT_RETURN_TYPE = YES_ERROR;
				GCC_WARN_UNDECLARED_SELECTOR = YES;
				GCC_WARN_UNINITIALIZED_AUTOS = YES_AGGRESSIVE;
				GCC_WARN_UNUSED_FUNCTION = YES;
				GCC_WARN_UNUSED_VARIABLE = YES;
				MACOSX_DEPLOYMENT_TARGET = 10.11;
				MTL_ENABLE_DEBUG_INFO = YES;
				ONLY_ACTIVE_ARCH = YES;
				SDKROOT = macosx;
				SWIFT_OPTIMIZATION_LEVEL = "-Onone";
			};
			name = Debug;
		};
		5933B4C41C26BE0900B157FE /* Release */ = {
			isa = XCBuildConfiguration;
			buildSettings = {
				ALWAYS_SEARCH_USER_PATHS = NO;
				CLANG_CXX_LANGUAGE_STANDARD = "gnu++0x";
				CLANG_CXX_LIBRARY = "libc++";
				CLANG_ENABLE_MODULES = YES;
				CLANG_ENABLE_OBJC_ARC = YES;
				CLANG_WARN_BOOL_CONVERSION = YES;
				CLANG_WARN_CONSTANT_CONVERSION = YES;
				CLANG_WARN_DIRECT_OBJC_ISA_USAGE = YES_ERROR;
				CLANG_WARN_EMPTY_BODY = YES;
				CLANG_WARN_ENUM_CONVERSION = YES;
				CLANG_WARN_INT_CONVERSION = YES;
				CLANG_WARN_OBJC_ROOT_CLASS = YES_ERROR;
				CLANG_WARN_UNREACHABLE_CODE = YES;
				CLANG_WARN__DUPLICATE_METHOD_MATCH = YES;
				CODE_SIGN_IDENTITY = "-";
				COPY_PHASE_STRIP = NO;
				DEBUG_INFORMATION_FORMAT = "dwarf-with-dsym";
				ENABLE_NS_ASSERTIONS = NO;
				ENABLE_STRICT_OBJC_MSGSEND = YES;
				GCC_C_LANGUAGE_STANDARD = gnu99;
				GCC_NO_COMMON_BLOCKS = YES;
				GCC_WARN_64_TO_32_BIT_CONVERSION = YES;
				GCC_WARN_ABOUT_RETURN_TYPE = YES_ERROR;
				GCC_WARN_UNDECLARED_SELECTOR = YES;
				GCC_WARN_UNINITIALIZED_AUTOS = YES_AGGRESSIVE;
				GCC_WARN_UNUSED_FUNCTION = YES;
				GCC_WARN_UNUSED_VARIABLE = YES;
				MACOSX_DEPLOYMENT_TARGET = 10.11;
				MTL_ENABLE_DEBUG_INFO = NO;
				SDKROOT = macosx;
			};
			name = Release;
		};
		5933B4C61C26BE0900B157FE /* Debug */ = {
			isa = XCBuildConfiguration;
			buildSettings = {
				ASSETCATALOG_COMPILER_APPICON_NAME = AppIcon;
				COMBINE_HIDPI_IMAGES = YES;
				INFOPLIST_FILE = Ater/Info.plist;
				LD_RUNPATH_SEARCH_PATHS = "$(inherited) @executable_path/../Frameworks";
				PRODUCT_BUNDLE_IDENTIFIER = com.Ater;
				PRODUCT_NAME = "$(TARGET_NAME)";
			};
			name = Debug;
		};
		5933B4C71C26BE0900B157FE /* Release */ = {
			isa = XCBuildConfiguration;
			buildSettings = {
				ASSETCATALOG_COMPILER_APPICON_NAME = AppIcon;
				COMBINE_HIDPI_IMAGES = YES;
				INFOPLIST_FILE = Ater/Info.plist;
				LD_RUNPATH_SEARCH_PATHS = "$(inherited) @executable_path/../Frameworks";
				PRODUCT_BUNDLE_IDENTIFIER = com.Ater;
				PRODUCT_NAME = "$(TARGET_NAME)";
			};
			name = Release;
		};
		5933B4C91C26BE0900B157FE /* Debug */ = {
			isa = XCBuildConfiguration;
			buildSettings = {
				BUNDLE_LOADER = "$(TEST_HOST)";
				COMBINE_HIDPI_IMAGES = YES;
				INFOPLIST_FILE = AterTests/Info.plist;
				LD_RUNPATH_SEARCH_PATHS = "$(inherited) @executable_path/../Frameworks @loader_path/../Frameworks";
				PRODUCT_BUNDLE_IDENTIFIER = com.AterTests;
				PRODUCT_NAME = "$(TARGET_NAME)";
				TEST_HOST = "$(BUILT_PRODUCTS_DIR)/Ater.app/Contents/MacOS/Ater";
			};
			name = Debug;
		};
		5933B4CA1C26BE0900B157FE /* Release */ = {
			isa = XCBuildConfiguration;
			buildSettings = {
				BUNDLE_LOADER = "$(TEST_HOST)";
				COMBINE_HIDPI_IMAGES = YES;
				INFOPLIST_FILE = AterTests/Info.plist;
				LD_RUNPATH_SEARCH_PATHS = "$(inherited) @executable_path/../Frameworks @loader_path/../Frameworks";
				PRODUCT_BUNDLE_IDENTIFIER = com.AterTests;
				PRODUCT_NAME = "$(TARGET_NAME)";
				TEST_HOST = "$(BUILT_PRODUCTS_DIR)/Ater.app/Contents/MacOS/Ater";
			};
			name = Release;
		};
		5933B4CC1C26BE0900B157FE /* Debug */ = {
			isa = XCBuildConfiguration;
			buildSettings = {
				COMBINE_HIDPI_IMAGES = YES;
				INFOPLIST_FILE = AterUITests/Info.plist;
				LD_RUNPATH_SEARCH_PATHS = "$(inherited) @executable_path/../Frameworks @loader_path/../Frameworks";
				PRODUCT_BUNDLE_IDENTIFIER = com.AterUITests;
				PRODUCT_NAME = "$(TARGET_NAME)";
				TEST_TARGET_NAME = Ater;
				USES_XCTRUNNER = YES;
			};
			name = Debug;
		};
		5933B4CD1C26BE0900B157FE /* Release */ = {
			isa = XCBuildConfiguration;
			buildSettings = {
				COMBINE_HIDPI_IMAGES = YES;
				INFOPLIST_FILE = AterUITests/Info.plist;
				LD_RUNPATH_SEARCH_PATHS = "$(inherited) @executable_path/../Frameworks @loader_path/../Frameworks";
				PRODUCT_BUNDLE_IDENTIFIER = com.AterUITests;
				PRODUCT_NAME = "$(TARGET_NAME)";
				TEST_TARGET_NAME = Ater;
				USES_XCTRUNNER = YES;
			};
			name = Release;
		};
/* End XCBuildConfiguration section */

/* Begin XCConfigurationList section */
		5933B49B1C26BE0900B157FE /* Build configuration list for PBXProject "Ater" */ = {
			isa = XCConfigurationList;
			buildConfigurations = (
				5933B4C31C26BE0900B157FE /* Debug */,
				5933B4C41C26BE0900B157FE /* Release */,
			);
			defaultConfigurationIsVisible = 0;
			defaultConfigurationName = Release;
		};
		5933B4C51C26BE0900B157FE /* Build configuration list for PBXNativeTarget "Ater" */ = {
			isa = XCConfigurationList;
			buildConfigurations = (
				5933B4C61C26BE0900B157FE /* Debug */,
				5933B4C71C26BE0900B157FE /* Release */,
			);
			defaultConfigurationIsVisible = 0;
		};
		5933B4C81C26BE0900B157FE /* Build configuration list for PBXNativeTarget "AterTests" */ = {
			isa = XCConfigurationList;
			buildConfigurations = (
				5933B4C91C26BE0900B157FE /* Debug */,
				5933B4CA1C26BE0900B157FE /* Release */,
			);
			defaultConfigurationIsVisible = 0;
		};
		5933B4CB1C26BE0900B157FE /* Build configuration list for PBXNativeTarget "AterUITests" */ = {
			isa = XCConfigurationList;
			buildConfigurations = (
				5933B4CC1C26BE0900B157FE /* Debug */,
				5933B4CD1C26BE0900B157FE /* Release */,
			);
			defaultConfigurationIsVisible = 0;
		};
/* End XCConfigurationList section */
	};
	rootObject = 5933B4981C26BE0900B157FE /* Project object */;
}
